chrishinkson@Chriss-MacBook-Pro-6 W3 - TF % terraform validate
Success! The configuration
is valid.

chrishinkson@Chriss-MacBook-Pro-6 W3 - TF % terraform apply

Terraform used the selected providers to
generate the following execution plan.
Resource actions are indicated with the
following symbols:
  + create

Terraform will perform the following actions:

  # docker_container.nginx will be created
  + resource "docker_container" "nginx" {
      + attach                                      = false
      + bridge                                      = (known after apply)
      + command                                     = (known after apply)
      + container_logs                              = (known after apply)
      + container_read_refresh_timeout_milliseconds = 15000
      + entrypoint                                  = (known after apply)
      + env                                         = (known after apply)
      + exit_code                                   = (known after apply)
      + hostname                                    = (known after apply)
      + id                                          = (known after apply)
      + image                                       = (known after apply)
      + init                                        = (known after apply)
      + ipc_mode                                    = (known after apply)
      + log_driver                                  = (known after apply)
      + logs                                        = false
      + must_run                                    = true
      + name                                        = "tutorial"
      + network_data                                = (known after apply)
      + read_only                                   = false
      + remove_volumes                              = true
      + restart                                     = "no"
      + rm                                          = false
      + runtime                                     = (known after apply)
      + security_opts                               = (known after apply)
      + shm_size                                    = (known after apply)
      + start                                       = true
      + stdin_open                                  = false
      + stop_signal                                 = (known after apply)
      + stop_timeout                                = (known after apply)
      + tty                                         = false
      + wait                                        = false
      + wait_timeout                                = 60

      + healthcheck (known after apply)

      + labels (known after apply)

      + ports {
          + external = 3000
          + internal = 443
          + ip       = "0.0.0.0"
          + protocol = "tcp"
        }
    }

  # docker_image.nginx will be created
  + resource "docker_image" "nginx" {
      + id           = (known after apply)
      + image_id     = (known after apply)
      + keep_locally = false
      + name         = "nginx:latest"
      + repo_digest  = (known after apply)
    }

Plan: 2 to add, 0 to change, 0 to destroy.

Do you want to perform these actions?
  Terraform will perform the actions described above.
  Only 'yes' will be accepted to approve.

  Enter a value: yes

docker_image.nginx: Creating...
docker_image.nginx: Still creating... [00m10s elapsed]
docker_image.nginx: Creation complete after 14s [id=sha256:d5f28ef21aabddd098f3dbc21fe5b7a7d7a184720bc07da0b6c9b9820e97f25enginx:latest]
docker_container.nginx: Creating...
docker_container.nginx: Creation complete after 0s [id=5af7b0d29ac1d893d927d396d91385817fe2cbde88001d378a01c717fd59dea0]

Apply complete! Resources: 2 added, 0 changed, 0 destroyed.
chrishinkson@Chriss-MacBook-Pro-6 W3 - TF % terraform show
# docker_container.nginx:
resource "docker_container" "nginx" {
    attach                                      = false
    bridge                                      = null
    command                                     = [
        "nginx",
        "-g",
        "daemon off;",
    ]
    container_read_refresh_timeout_milliseconds = 15000
    cpu_set                                     = null
    cpu_shares                                  = 0
    domainname                                  = null
    entrypoint                                  = [
        "/docker-entrypoint.sh",
    ]
    env                                         = []
    hostname                                    = "5af7b0d29ac1"
    id                                          = "5af7b0d29ac1d893d927d396d91385817fe2cbde88001d378a01c717fd59dea0"
    image                                       = "sha256:d5f28ef21aabddd098f3dbc21fe5b7a7d7a184720bc07da0b6c9b9820e97f25e"
    init                                        = false
    ipc_mode                                    = "private"
    log_driver                                  = "json-file"
    logs                                        = false
    max_retry_count                             = 0
    memory                                      = 0
    memory_swap                                 = 0
    must_run                                    = true
    name                                        = "tutorial"
    network_data                                = [
        {
            gateway                   = "172.17.0.1"
            global_ipv6_address       = null
            global_ipv6_prefix_length = 0
            ip_address                = "172.17.0.2"
            ip_prefix_length          = 16
            ipv6_gateway              = null
            mac_address               = "56:27:1a:ec:a1:b4"
            network_name              = "bridge"
        },
    ]
    network_mode                                = "bridge"
    pid_mode                                    = null
    privileged                                  = false
    publish_all_ports                           = false
    read_only                                   = false
    remove_volumes                              = true
    restart                                     = "no"
    rm                                          = false
    runtime                                     = "runc"
    security_opts                               = []
    shm_size                                    = 64
    start                                       = true
    stdin_open                                  = false
    stop_signal                                 = "SIGQUIT"
    stop_timeout                                = 0
    tty                                         = false
    user                                        = null
    userns_mode                                 = null
    wait                                        = false
    wait_timeout                                = 60
    working_dir                                 = null

    ports {
        external = 3000
        internal = 443
        ip       = "0.0.0.0"
        protocol = "tcp"
    }
}

# docker_image.nginx:
resource "docker_image" "nginx" {
    id           = "sha256:d5f28ef21aabddd098f3dbc21fe5b7a7d7a184720bc07da0b6c9b9820e97f25enginx:latest"
    image_id     = "sha256:d5f28ef21aabddd098f3dbc21fe5b7a7d7a184720bc07da0b6c9b9820e97f25e"
    keep_locally = false
    name         = "nginx:latest"
    repo_digest  = "nginx@sha256:d5f28ef21aabddd098f3dbc21fe5b7a7d7a184720bc07da0b6c9b9820e97f25e"
}
chrishinkson@Chriss-MacBook-Pro-6 W3 - TF % docker ps -a
CONTAINER ID   IMAGE          COMMAND                  CREATED          STATUS          PORTS                   NAMES
5af7b0d29ac1   d5f28ef21aab   "/docker-entrypoint.…"   14 seconds ago   Up 13 seconds   0.0.0.0:3000->443/tcp   tutorial